github.com/chzyer/logex v1.2.0/go.mod h1:9+9sk7u7pGNWYMkh0hdiL++6OeibzJccyQU4p4MedaY=
github.com/chzyer/readline v1.5.0 h1:lSwwFrbNviGePhkewF1az4oLmcwqCZijQ2/Wi3BGHAI=
github.com/chzyer/readline v1.5.0/go.mod h1:x22KAscuvRqlLoK9CsoYsmxoXZMMFVyOl86cAH8qUic=
github.com/chzyer/test v0.0.0-20210722231415-061457976a23/go.mod h1:Q3SI9o4m/ZMnBNeIyt5eFwwo7qiLfzFZmjNmxjkiQlU=
github.com/google/pprof v0.0.0-20220517211326-33a8accb95cf h1:AlJ1z83zmGAfc5nrjhfmZEOduQ80CzWgngNHF1uy0x4=
github.com/google/pprof v0.0.0-20220517211326-33a8accb95cf/go.mod h1:gSuNB+gJaOiQKLEZ+q+PK9Mq3SOzhRcw2GsGS/FhYDk=
github.com/ianlancetaylor/demangle v0.0.0-20220517205856-0058ec4f073c h1:rwmN+hgiyp8QyBqzdEX43lTjKAxaqCrYHaU5op5P9J8=
github.com/ianlancetaylor/demangle v0.0.0-20220517205856-0058ec4f073c/go.mod h1:aYm2/VgdVmcIU8iMfdMvDMsRAQjcfZSKFby6HOFvi/w=
golang.org/x/sys v0.0.0-20220310020820-b874c991c1a5/go.mod h1:oPkhp1MJrh7nUepCBck5+mAzfO9JrbApNNgaTdGDITg=
golang.org/x/sys v0.0.0-20220519141025-dcacdad47464 h1:MpIuURY70f0iKp/oooEFtB2oENcHITo/z1b6u41pKCw=
golang.org/x/sys v0.0.0-20220519141025-dcacdad47464/go.mod h1:oPkhp1MJrh7nUepCBck5+mAzfO9JrbApNNgaTdGDITg=
